
Microsoft Visual Studio Solution File, Format Version 12.00
# Visual Studio Version 16
VisualStudioVersion = 16.0.28922.388
MinimumVisualStudioVersion = 10.0.40219.1
Project("{FAE04EC0-301F-11D3-BF4B-00C04F79EFBC}") = "BookStores", "BookStores\BookStores.csproj", "{74EAD047-8BBF-41EE-89A9-044496EEA72D}"
EndProject
Project("{FAE04EC0-301F-11D3-BF4B-00C04F79EFBC}") = "BookStores.Domain", "BookStores.Domain\BookStores.Domain.csproj", "{A412EB92-974E-43AB-B9F2-08ABE9B94A89}"
EndProject
Global
	GlobalSection(SolutionConfigurationPlatforms) = preSolution
		Debug|Any CPU = Debug|Any CPU
		Release|Any CPU = Release|Any CPU
	EndGlobalSection
	GlobalSection(ProjectConfigurationPlatforms) = postSolution
		{74EAD047-8BBF-41EE-89A9-044496EEA72D}.Debug|Any CPU.ActiveCfg = Debug|Any CPU
		{74EAD047-8BBF-41EE-89A9-044496EEA72D}.Debug|Any CPU.Build.0 = Debug|Any CPU
		{74EAD047-8BBF-41EE-89A9-044496EEA72D}.Release|Any CPU.ActiveCfg = Release|Any CPU
		{74EAD047-8BBF-41EE-89A9-044496EEA72D}.Release|Any CPU.Build.0 = Release|Any CPU
		{A412EB92-974E-43AB-B9F2-08ABE9B94A89}.Debug|Any CPU.ActiveCfg = Debug|Any CPU
		{A412EB92-974E-43AB-B9F2-08ABE9B94A89}.Debug|Any CPU.Build.0 = Debug|Any CPU
		{A412EB92-974E-43AB-B9F2-08ABE9B94A89}.Release|Any CPU.ActiveCfg = Release|Any CPU
		{A412EB92-974E-43AB-B9F2-08ABE9B94A89}.Release|Any CPU.Build.0 = Release|Any CPU
	EndGlobalSection
	GlobalSection(SolutionProperties) = preSolution
		HideSolutionNode = FALSE
	EndGlobalSection
	GlobalSection(ExtensibilityGlobals) = postSolution
		SolutionGuid = {C23470ED-1EC4-47BF-8BE0-3049F367AF2E}
	EndGlobalSection
EndGlobal
